
Microsoft Visual Studio Solution File, Format Version 12.00
# Visual Studio 15
Project("{FAE04EC0-301F-11D3-BF4B-00C04F79EFBC}") = "UnityEngine.UI", "UnityEngine.UI.csproj", "{7F379DA8-4184-A318-7AA6-3F887B65C916}"
EndProject
Project("{FAE04EC0-301F-11D3-BF4B-00C04F79EFBC}") = "Unity.LEGO.UI", "Unity.LEGO.UI.csproj", "{199B9182-7490-9103-F5AC-28C7B81824A6}"
EndProject
Project("{FAE04EC0-301F-11D3-BF4B-00C04F79EFBC}") = "UnityEngine.TestRunner", "UnityEngine.TestRunner.csproj", "{E021D854-09A7-837F-8816-5843F87653AB}"
EndProject
Project("{FAE04EC0-301F-11D3-BF4B-00C04F79EFBC}") = "Unity.InputSystem", "Unity.InputSystem.csproj", "{F09A96AB-379D-E2CE-64F5-A4FC59332F8C}"
EndProject
Project("{FAE04EC0-301F-11D3-BF4B-00C04F79EFBC}") = "Unity.Timeline", "Unity.Timeline.csproj", "{72AA168F-1288-3A5A-AC18-0F47BBACBD9D}"
EndProject
Project("{FAE04EC0-301F-11D3-BF4B-00C04F79EFBC}") = "Unity.LEGO.Game", "Unity.LEGO.Game.csproj", "{7149378C-F6C3-EFA2-0E97-D325F43BD5C7}"
EndProject
Project("{FAE04EC0-301F-11D3-BF4B-00C04F79EFBC}") = "Unity.LEGO.Behaviours", "Unity.LEGO.Behaviours.csproj", "{071CB596-FD99-DECB-8B2C-FB9B897BE7A8}"
EndProject
Project("{FAE04EC0-301F-11D3-BF4B-00C04F79EFBC}") = "Cinemachine", "Cinemachine.csproj", "{D2FBDD9B-A88F-3AFE-69B4-A0ADC97826BA}"
EndProject
Project("{FAE04EC0-301F-11D3-BF4B-00C04F79EFBC}") = "LEGO.ModelImporter", "LEGO.ModelImporter.csproj", "{7F5DC5DE-3306-BEC1-E727-B42146A6B61B}"
EndProject
Project("{FAE04EC0-301F-11D3-BF4B-00C04F79EFBC}") = "Unity.TextMeshPro", "Unity.TextMeshPro.csproj", "{6C7230FC-F2CD-0E9F-0240-9EB1B6D5418C}"
EndProject
Project("{FAE04EC0-301F-11D3-BF4B-00C04F79EFBC}") = "Unity.InteractiveTutorials.Core.Scripts", "Unity.InteractiveTutorials.Core.Scripts.csproj", "{BAABA1ED-3DC8-2A64-C41E-3307F9944E34}"
EndProject
Project("{FAE04EC0-301F-11D3-BF4B-00C04F79EFBC}") = "Unity.LEGO.Utilities", "Unity.LEGO.Utilities.csproj", "{AEEFC4DA-7603-172F-E638-FC9AD6FC2F19}"
EndProject
Project("{FAE04EC0-301F-11D3-BF4B-00C04F79EFBC}") = "Unity.LEGO.Minifig", "Unity.LEGO.Minifig.csproj", "{9D90CE38-77E7-39DE-3716-06C44F4E7F43}"
EndProject
Project("{FAE04EC0-301F-11D3-BF4B-00C04F79EFBC}") = "Lego.Materials", "Lego.Materials.csproj", "{3E1E1C8D-7D3B-C13B-6B88-B534E8A72F61}"
EndProject
Project("{FAE04EC0-301F-11D3-BF4B-00C04F79EFBC}") = "Unity.LEGO.Gameplay", "Unity.LEGO.Gameplay.csproj", "{BF49FB4F-AA9C-FC19-25CF-8B6F7275C8DE}"
EndProject
Project("{FAE04EC0-301F-11D3-BF4B-00C04F79EFBC}") = "Assembly-CSharp", "Assembly-CSharp.csproj", "{71E7A52E-2953-BCFC-F9A9-1FB4FFA052B6}"
EndProject
Project("{FAE04EC0-301F-11D3-BF4B-00C04F79EFBC}") = "Unity.Timeline.Editor", "Unity.Timeline.Editor.csproj", "{37E917F0-FA9D-BCA3-8E6D-7FE9FB6842A5}"
EndProject
Project("{FAE04EC0-301F-11D3-BF4B-00C04F79EFBC}") = "Unity.LEGO.Editor", "Unity.LEGO.Editor.csproj", "{76E7B73E-7EB1-D30E-4FC4-92E44860C5AF}"
EndProject
Project("{FAE04EC0-301F-11D3-BF4B-00C04F79EFBC}") = "UnityEditor.TestRunner", "UnityEditor.TestRunner.csproj", "{C7F15BC4-B1F8-523B-E28A-E2AD5B2EE458}"
EndProject
Project("{FAE04EC0-301F-11D3-BF4B-00C04F79EFBC}") = "Unity.InteractiveTutorials.Core", "Unity.InteractiveTutorials.Core.csproj", "{40947FEF-0248-E3B4-2508-7B632CF57EC8}"
EndProject
Project("{FAE04EC0-301F-11D3-BF4B-00C04F79EFBC}") = "Unity.TextMeshPro.Editor", "Unity.TextMeshPro.Editor.csproj", "{F840230C-F280-C0A8-1819-C701ADC306FB}"
EndProject
Project("{FAE04EC0-301F-11D3-BF4B-00C04F79EFBC}") = "Unity.PlasticSCM.Editor", "Unity.PlasticSCM.Editor.csproj", "{7249C4DF-7CE1-6A55-EEEC-E2979B27BD36}"
EndProject
Project("{FAE04EC0-301F-11D3-BF4B-00C04F79EFBC}") = "UnityEditor.UI", "UnityEditor.UI.csproj", "{A401CAFB-7E48-7BFC-C3D2-7472C5F25F73}"
EndProject
Project("{FAE04EC0-301F-11D3-BF4B-00C04F79EFBC}") = "Unity.Services.Core.Editor", "Unity.Services.Core.Editor.csproj", "{02FEC66F-F6BB-431D-F131-4FE6784605CC}"
EndProject
Project("{FAE04EC0-301F-11D3-BF4B-00C04F79EFBC}") = "Unity.VisualStudio.Editor", "Unity.VisualStudio.Editor.csproj", "{464E8527-F70E-0AE4-B64F-44881CAE43B1}"
EndProject
Project("{FAE04EC0-301F-11D3-BF4B-00C04F79EFBC}") = "com.unity.cinemachine.editor", "com.unity.cinemachine.editor.csproj", "{2EC3C8BD-52DF-666B-1E8F-0B3A8344F002}"
EndProject
Project("{FAE04EC0-301F-11D3-BF4B-00C04F79EFBC}") = "Unity.CollabProxy.Editor", "Unity.CollabProxy.Editor.csproj", "{3A5C0BBA-55D7-131F-97A2-0A95408FDC0E}"
EndProject
Project("{FAE04EC0-301F-11D3-BF4B-00C04F79EFBC}") = "Unity.Rider.Editor", "Unity.Rider.Editor.csproj", "{D69E3724-32C5-E11E-E243-2DE4632B50C2}"
EndProject
Project("{FAE04EC0-301F-11D3-BF4B-00C04F79EFBC}") = "LEGO.ModelImporter.Editor", "LEGO.ModelImporter.Editor.csproj", "{E511D924-B129-4968-B30B-6824A597E9F8}"
EndProject
Project("{FAE04EC0-301F-11D3-BF4B-00C04F79EFBC}") = "UnityEditor.InteractiveTutorialsFramework", "UnityEditor.InteractiveTutorialsFramework.csproj", "{325D75B0-F46A-DD60-D8CA-A90A54074D43}"
EndProject
Project("{FAE04EC0-301F-11D3-BF4B-00C04F79EFBC}") = "Unity.InternalAPIEditorBridgeDev.001", "Unity.InternalAPIEditorBridgeDev.001.csproj", "{960ACB97-A9F1-F01C-E346-ECF8591190CB}"
EndProject
Project("{FAE04EC0-301F-11D3-BF4B-00C04F79EFBC}") = "Lego.Materials.Editor", "Lego.Materials.Editor.csproj", "{83D4F83B-C54B-2A7C-0ABF-2DB083E483E2}"
EndProject
Project("{FAE04EC0-301F-11D3-BF4B-00C04F79EFBC}") = "Unity.2D.Sprite.Editor", "Unity.2D.Sprite.Editor.csproj", "{806EFB5E-9024-66D4-6FE7-BE3D03EA358C}"
EndProject
Project("{FAE04EC0-301F-11D3-BF4B-00C04F79EFBC}") = "Unity.VSCode.Editor", "Unity.VSCode.Editor.csproj", "{C0C48C11-8CA7-146C-72C0-84B941E7B97D}"
EndProject
Project("{FAE04EC0-301F-11D3-BF4B-00C04F79EFBC}") = "Unity.Settings.Editor", "Unity.Settings.Editor.csproj", "{2ECF836B-DC00-4AE1-1253-0BCBA0DC7545}"
EndProject
Project("{FAE04EC0-301F-11D3-BF4B-00C04F79EFBC}") = "Unity.EditorCoroutines.Editor", "Unity.EditorCoroutines.Editor.csproj", "{6C9FA538-857E-CA91-4A4D-1F3EE8188FCC}"
EndProject
Project("{FAE04EC0-301F-11D3-BF4B-00C04F79EFBC}") = "Unity.LEGO.Tutorials", "Unity.LEGO.Tutorials.csproj", "{44AB94EA-CB68-296A-D498-F018951682B1}"
EndProject
Project("{FAE04EC0-301F-11D3-BF4B-00C04F79EFBC}") = "Unity.Play.Publisher.Editor", "Unity.Play.Publisher.Editor.csproj", "{A8EAE516-363A-03E8-58F0-F50B69C9112B}"
EndProject
Project("{FAE04EC0-301F-11D3-BF4B-00C04F79EFBC}") = "UnityEngine.UI", "UnityEngine.UI.Player.csproj", "{E01B327E-2550-C13F-1337-405ADB39FD0D}"
EndProject
Project("{FAE04EC0-301F-11D3-BF4B-00C04F79EFBC}") = "Unity.LEGO.UI", "Unity.LEGO.UI.Player.csproj", "{1763BB06-84CB-F4E3-36F5-14CED086B782}"
EndProject
Project("{FAE04EC0-301F-11D3-BF4B-00C04F79EFBC}") = "UnityEngine.TestRunner", "UnityEngine.TestRunner.Player.csproj", "{CCA52224-23F9-31C2-86C1-C0400F7DBF7C}"
EndProject
Project("{FAE04EC0-301F-11D3-BF4B-00C04F79EFBC}") = "Unity.InputSystem", "Unity.InputSystem.Player.csproj", "{149F9ABF-350E-3AA5-3F88-3376C6906EA3}"
EndProject
Project("{FAE04EC0-301F-11D3-BF4B-00C04F79EFBC}") = "Unity.Timeline", "Unity.Timeline.Player.csproj", "{76BCAA5A-E491-DF4E-1BEC-4441AAA162E2}"
EndProject
Project("{FAE04EC0-301F-11D3-BF4B-00C04F79EFBC}") = "Unity.LEGO.Game", "Unity.LEGO.Game.Player.csproj", "{58D527BD-623F-B938-8016-1ED0740F3921}"
EndProject
Project("{FAE04EC0-301F-11D3-BF4B-00C04F79EFBC}") = "Unity.LEGO.Behaviours", "Unity.LEGO.Behaviours.Player.csproj", "{EC8DF307-E09B-0369-C9F7-900906AA29C8}"
EndProject
Project("{FAE04EC0-301F-11D3-BF4B-00C04F79EFBC}") = "Cinemachine", "Cinemachine.Player.csproj", "{5AB0B11D-881F-A864-0AF5-5133DEF6C975}"
EndProject
Project("{FAE04EC0-301F-11D3-BF4B-00C04F79EFBC}") = "LEGO.ModelImporter", "LEGO.ModelImporter.Player.csproj", "{10E408D3-E7C3-6F27-272A-60C3D108378A}"
EndProject
Project("{FAE04EC0-301F-11D3-BF4B-00C04F79EFBC}") = "Unity.TextMeshPro", "Unity.TextMeshPro.Player.csproj", "{2CA8A24C-D141-E8F5-2DCF-45DFE22BA103}"
EndProject
Project("{FAE04EC0-301F-11D3-BF4B-00C04F79EFBC}") = "Unity.InteractiveTutorials.Core.Scripts", "Unity.InteractiveTutorials.Core.Scripts.Player.csproj", "{EC6328E2-0EE7-1427-1049-7BBED6437A40}"
EndProject
Project("{FAE04EC0-301F-11D3-BF4B-00C04F79EFBC}") = "Unity.LEGO.Utilities", "Unity.LEGO.Utilities.Player.csproj", "{03D38822-B3A7-35C0-9A1B-1CC213EE3255}"
EndProject
Project("{FAE04EC0-301F-11D3-BF4B-00C04F79EFBC}") = "Unity.LEGO.Minifig", "Unity.LEGO.Minifig.Player.csproj", "{7423D32F-865B-F4C3-4DC7-313A31A637DB}"
EndProject
Project("{FAE04EC0-301F-11D3-BF4B-00C04F79EFBC}") = "Lego.Materials", "Lego.Materials.Player.csproj", "{5B080719-1DBD-6D66-9C5B-E3292EFABCB7}"
EndProject
Project("{FAE04EC0-301F-11D3-BF4B-00C04F79EFBC}") = "Unity.LEGO.Gameplay", "Unity.LEGO.Gameplay.Player.csproj", "{8A6936A3-5DB1-A601-3D3D-3260DBC2F1F5}"
EndProject
Project("{FAE04EC0-301F-11D3-BF4B-00C04F79EFBC}") = "Assembly-CSharp", "Assembly-CSharp.Player.csproj", "{344914F7-ADA2-E184-0FEE-15EAFF3B5B97}"
EndProject
Global
	GlobalSection(SolutionConfigurationPlatforms) = preSolution
		Debug|Any CPU = Debug|Any CPU
		Release|Any CPU = Release|Any CPU
	EndGlobalSection
	GlobalSection(ProjectConfigurationPlatforms) = postSolution
		{7F379DA8-4184-A318-7AA6-3F887B65C916}.Debug|Any CPU.ActiveCfg = Debug|Any CPU
		{7F379DA8-4184-A318-7AA6-3F887B65C916}.Debug|Any CPU.Build.0 = Debug|Any CPU
		{7F379DA8-4184-A318-7AA6-3F887B65C916}.Release|Any CPU.ActiveCfg = Release|Any CPU
		{7F379DA8-4184-A318-7AA6-3F887B65C916}.Release|Any CPU.Build.0 = Release|Any CPU
		{199B9182-7490-9103-F5AC-28C7B81824A6}.Debug|Any CPU.ActiveCfg = Debug|Any CPU
		{199B9182-7490-9103-F5AC-28C7B81824A6}.Debug|Any CPU.Build.0 = Debug|Any CPU
		{199B9182-7490-9103-F5AC-28C7B81824A6}.Release|Any CPU.ActiveCfg = Release|Any CPU
		{199B9182-7490-9103-F5AC-28C7B81824A6}.Release|Any CPU.Build.0 = Release|Any CPU
		{E021D854-09A7-837F-8816-5843F87653AB}.Debug|Any CPU.ActiveCfg = Debug|Any CPU
		{E021D854-09A7-837F-8816-5843F87653AB}.Debug|Any CPU.Build.0 = Debug|Any CPU
		{E021D854-09A7-837F-8816-5843F87653AB}.Release|Any CPU.ActiveCfg = Release|Any CPU
		{E021D854-09A7-837F-8816-5843F87653AB}.Release|Any CPU.Build.0 = Release|Any CPU
		{F09A96AB-379D-E2CE-64F5-A4FC59332F8C}.Debug|Any CPU.ActiveCfg = Debug|Any CPU
		{F09A96AB-379D-E2CE-64F5-A4FC59332F8C}.Debug|Any CPU.Build.0 = Debug|Any CPU
		{F09A96AB-379D-E2CE-64F5-A4FC59332F8C}.Release|Any CPU.ActiveCfg = Release|Any CPU
		{F09A96AB-379D-E2CE-64F5-A4FC59332F8C}.Release|Any CPU.Build.0 = Release|Any CPU
		{72AA168F-1288-3A5A-AC18-0F47BBACBD9D}.Debug|Any CPU.ActiveCfg = Debug|Any CPU
		{72AA168F-1288-3A5A-AC18-0F47BBACBD9D}.Debug|Any CPU.Build.0 = Debug|Any CPU
		{72AA168F-1288-3A5A-AC18-0F47BBACBD9D}.Release|Any CPU.ActiveCfg = Release|Any CPU
		{72AA168F-1288-3A5A-AC18-0F47BBACBD9D}.Release|Any CPU.Build.0 = Release|Any CPU
		{7149378C-F6C3-EFA2-0E97-D325F43BD5C7}.Debug|Any CPU.ActiveCfg = Debug|Any CPU
		{7149378C-F6C3-EFA2-0E97-D325F43BD5C7}.Debug|Any CPU.Build.0 = Debug|Any CPU
		{7149378C-F6C3-EFA2-0E97-D325F43BD5C7}.Release|Any CPU.ActiveCfg = Release|Any CPU
		{7149378C-F6C3-EFA2-0E97-D325F43BD5C7}.Release|Any CPU.Build.0 = Release|Any CPU
		{071CB596-FD99-DECB-8B2C-FB9B897BE7A8}.Debug|Any CPU.ActiveCfg = Debug|Any CPU
		{071CB596-FD99-DECB-8B2C-FB9B897BE7A8}.Debug|Any CPU.Build.0 = Debug|Any CPU
		{071CB596-FD99-DECB-8B2C-FB9B897BE7A8}.Release|Any CPU.ActiveCfg = Release|Any CPU
		{071CB596-FD99-DECB-8B2C-FB9B897BE7A8}.Release|Any CPU.Build.0 = Release|Any CPU
		{D2FBDD9B-A88F-3AFE-69B4-A0ADC97826BA}.Debug|Any CPU.ActiveCfg = Debug|Any CPU
		{D2FBDD9B-A88F-3AFE-69B4-A0ADC97826BA}.Debug|Any CPU.Build.0 = Debug|Any CPU
		{D2FBDD9B-A88F-3AFE-69B4-A0ADC97826BA}.Release|Any CPU.ActiveCfg = Release|Any CPU
		{D2FBDD9B-A88F-3AFE-69B4-A0ADC97826BA}.Release|Any CPU.Build.0 = Release|Any CPU
		{7F5DC5DE-3306-BEC1-E727-B42146A6B61B}.Debug|Any CPU.ActiveCfg = Debug|Any CPU
		{7F5DC5DE-3306-BEC1-E727-B42146A6B61B}.Debug|Any CPU.Build.0 = Debug|Any CPU
		{7F5DC5DE-3306-BEC1-E727-B42146A6B61B}.Release|Any CPU.ActiveCfg = Release|Any CPU
		{7F5DC5DE-3306-BEC1-E727-B42146A6B61B}.Release|Any CPU.Build.0 = Release|Any CPU
		{6C7230FC-F2CD-0E9F-0240-9EB1B6D5418C}.Debug|Any CPU.ActiveCfg = Debug|Any CPU
		{6C7230FC-F2CD-0E9F-0240-9EB1B6D5418C}.Debug|Any CPU.Build.0 = Debug|Any CPU
		{6C7230FC-F2CD-0E9F-0240-9EB1B6D5418C}.Release|Any CPU.ActiveCfg = Release|Any CPU
		{6C7230FC-F2CD-0E9F-0240-9EB1B6D5418C}.Release|Any CPU.Build.0 = Release|Any CPU
		{BAABA1ED-3DC8-2A64-C41E-3307F9944E34}.Debug|Any CPU.ActiveCfg = Debug|Any CPU
		{BAABA1ED-3DC8-2A64-C41E-3307F9944E34}.Debug|Any CPU.Build.0 = Debug|Any CPU
		{BAABA1ED-3DC8-2A64-C41E-3307F9944E34}.Release|Any CPU.ActiveCfg = Release|Any CPU
		{BAABA1ED-3DC8-2A64-C41E-3307F9944E34}.Release|Any CPU.Build.0 = Release|Any CPU
		{AEEFC4DA-7603-172F-E638-FC9AD6FC2F19}.Debug|Any CPU.ActiveCfg = Debug|Any CPU
		{AEEFC4DA-7603-172F-E638-FC9AD6FC2F19}.Debug|Any CPU.Build.0 = Debug|Any CPU
		{AEEFC4DA-7603-172F-E638-FC9AD6FC2F19}.Release|Any CPU.ActiveCfg = Release|Any CPU
		{AEEFC4DA-7603-172F-E638-FC9AD6FC2F19}.Release|Any CPU.Build.0 = Release|Any CPU
		{9D90CE38-77E7-39DE-3716-06C44F4E7F43}.Debug|Any CPU.ActiveCfg = Debug|Any CPU
		{9D90CE38-77E7-39DE-3716-06C44F4E7F43}.Debug|Any CPU.Build.0 = Debug|Any CPU
		{9D90CE38-77E7-39DE-3716-06C44F4E7F43}.Release|Any CPU.ActiveCfg = Release|Any CPU
		{9D90CE38-77E7-39DE-3716-06C44F4E7F43}.Release|Any CPU.Build.0 = Release|Any CPU
		{3E1E1C8D-7D3B-C13B-6B88-B534E8A72F61}.Debug|Any CPU.ActiveCfg = Debug|Any CPU
		{3E1E1C8D-7D3B-C13B-6B88-B534E8A72F61}.Debug|Any CPU.Build.0 = Debug|Any CPU
		{3E1E1C8D-7D3B-C13B-6B88-B534E8A72F61}.Release|Any CPU.ActiveCfg = Release|Any CPU
		{3E1E1C8D-7D3B-C13B-6B88-B534E8A72F61}.Release|Any CPU.Build.0 = Release|Any CPU
		{BF49FB4F-AA9C-FC19-25CF-8B6F7275C8DE}.Debug|Any CPU.ActiveCfg = Debug|Any CPU
		{BF49FB4F-AA9C-FC19-25CF-8B6F7275C8DE}.Debug|Any CPU.Build.0 = Debug|Any CPU
		{BF49FB4F-AA9C-FC19-25CF-8B6F7275C8DE}.Release|Any CPU.ActiveCfg = Release|Any CPU
		{BF49FB4F-AA9C-FC19-25CF-8B6F7275C8DE}.Release|Any CPU.Build.0 = Release|Any CPU
		{71E7A52E-2953-BCFC-F9A9-1FB4FFA052B6}.Debug|Any CPU.ActiveCfg = Debug|Any CPU
		{71E7A52E-2953-BCFC-F9A9-1FB4FFA052B6}.Debug|Any CPU.Build.0 = Debug|Any CPU
		{71E7A52E-2953-BCFC-F9A9-1FB4FFA052B6}.Release|Any CPU.ActiveCfg = Release|Any CPU
		{71E7A52E-2953-BCFC-F9A9-1FB4FFA052B6}.Release|Any CPU.Build.0 = Release|Any CPU
		{37E917F0-FA9D-BCA3-8E6D-7FE9FB6842A5}.Debug|Any CPU.ActiveCfg = Debug|Any CPU
		{37E917F0-FA9D-BCA3-8E6D-7FE9FB6842A5}.Debug|Any CPU.Build.0 = Debug|Any CPU
		{37E917F0-FA9D-BCA3-8E6D-7FE9FB6842A5}.Release|Any CPU.ActiveCfg = Release|Any CPU
		{37E917F0-FA9D-BCA3-8E6D-7FE9FB6842A5}.Release|Any CPU.Build.0 = Release|Any CPU
		{76E7B73E-7EB1-D30E-4FC4-92E44860C5AF}.Debug|Any CPU.ActiveCfg = Debug|Any CPU
		{76E7B73E-7EB1-D30E-4FC4-92E44860C5AF}.Debug|Any CPU.Build.0 = Debug|Any CPU
		{76E7B73E-7EB1-D30E-4FC4-92E44860C5AF}.Release|Any CPU.ActiveCfg = Release|Any CPU
		{76E7B73E-7EB1-D30E-4FC4-92E44860C5AF}.Release|Any CPU.Build.0 = Release|Any CPU
		{C7F15BC4-B1F8-523B-E28A-E2AD5B2EE458}.Debug|Any CPU.ActiveCfg = Debug|Any CPU
		{C7F15BC4-B1F8-523B-E28A-E2AD5B2EE458}.Debug|Any CPU.Build.0 = Debug|Any CPU
		{C7F15BC4-B1F8-523B-E28A-E2AD5B2EE458}.Release|Any CPU.ActiveCfg = Release|Any CPU
		{C7F15BC4-B1F8-523B-E28A-E2AD5B2EE458}.Release|Any CPU.Build.0 = Release|Any CPU
		{40947FEF-0248-E3B4-2508-7B632CF57EC8}.Debug|Any CPU.ActiveCfg = Debug|Any CPU
		{40947FEF-0248-E3B4-2508-7B632CF57EC8}.Debug|Any CPU.Build.0 = Debug|Any CPU
		{40947FEF-0248-E3B4-2508-7B632CF57EC8}.Release|Any CPU.ActiveCfg = Release|Any CPU
		{40947FEF-0248-E3B4-2508-7B632CF57EC8}.Release|Any CPU.Build.0 = Release|Any CPU
		{F840230C-F280-C0A8-1819-C701ADC306FB}.Debug|Any CPU.ActiveCfg = Debug|Any CPU
		{F840230C-F280-C0A8-1819-C701ADC306FB}.Debug|Any CPU.Build.0 = Debug|Any CPU
		{F840230C-F280-C0A8-1819-C701ADC306FB}.Release|Any CPU.ActiveCfg = Release|Any CPU
		{F840230C-F280-C0A8-1819-C701ADC306FB}.Release|Any CPU.Build.0 = Release|Any CPU
		{7249C4DF-7CE1-6A55-EEEC-E2979B27BD36}.Debug|Any CPU.ActiveCfg = Debug|Any CPU
		{7249C4DF-7CE1-6A55-EEEC-E2979B27BD36}.Debug|Any CPU.Build.0 = Debug|Any CPU
		{7249C4DF-7CE1-6A55-EEEC-E2979B27BD36}.Release|Any CPU.ActiveCfg = Release|Any CPU
		{7249C4DF-7CE1-6A55-EEEC-E2979B27BD36}.Release|Any CPU.Build.0 = Release|Any CPU
		{A401CAFB-7E48-7BFC-C3D2-7472C5F25F73}.Debug|Any CPU.ActiveCfg = Debug|Any CPU
		{A401CAFB-7E48-7BFC-C3D2-7472C5F25F73}.Debug|Any CPU.Build.0 = Debug|Any CPU
		{A401CAFB-7E48-7BFC-C3D2-7472C5F25F73}.Release|Any CPU.ActiveCfg = Release|Any CPU
		{A401CAFB-7E48-7BFC-C3D2-7472C5F25F73}.Release|Any CPU.Build.0 = Release|Any CPU
		{02FEC66F-F6BB-431D-F131-4FE6784605CC}.Debug|Any CPU.ActiveCfg = Debug|Any CPU
		{02FEC66F-F6BB-431D-F131-4FE6784605CC}.Debug|Any CPU.Build.0 = Debug|Any CPU
		{02FEC66F-F6BB-431D-F131-4FE6784605CC}.Release|Any CPU.ActiveCfg = Release|Any CPU
		{02FEC66F-F6BB-431D-F131-4FE6784605CC}.Release|Any CPU.Build.0 = Release|Any CPU
		{464E8527-F70E-0AE4-B64F-44881CAE43B1}.Debug|Any CPU.ActiveCfg = Debug|Any CPU
		{464E8527-F70E-0AE4-B64F-44881CAE43B1}.Debug|Any CPU.Build.0 = Debug|Any CPU
		{464E8527-F70E-0AE4-B64F-44881CAE43B1}.Release|Any CPU.ActiveCfg = Release|Any CPU
		{464E8527-F70E-0AE4-B64F-44881CAE43B1}.Release|Any CPU.Build.0 = Release|Any CPU
		{2EC3C8BD-52DF-666B-1E8F-0B3A8344F002}.Debug|Any CPU.ActiveCfg = Debug|Any CPU
		{2EC3C8BD-52DF-666B-1E8F-0B3A8344F002}.Debug|Any CPU.Build.0 = Debug|Any CPU
		{2EC3C8BD-52DF-666B-1E8F-0B3A8344F002}.Release|Any CPU.ActiveCfg = Release|Any CPU
		{2EC3C8BD-52DF-666B-1E8F-0B3A8344F002}.Release|Any CPU.Build.0 = Release|Any CPU
		{3A5C0BBA-55D7-131F-97A2-0A95408FDC0E}.Debug|Any CPU.ActiveCfg = Debug|Any CPU
		{3A5C0BBA-55D7-131F-97A2-0A95408FDC0E}.Debug|Any CPU.Build.0 = Debug|Any CPU
		{3A5C0BBA-55D7-131F-97A2-0A95408FDC0E}.Release|Any CPU.ActiveCfg = Release|Any CPU
		{3A5C0BBA-55D7-131F-97A2-0A95408FDC0E}.Release|Any CPU.Build.0 = Release|Any CPU
		{D69E3724-32C5-E11E-E243-2DE4632B50C2}.Debug|Any CPU.ActiveCfg = Debug|Any CPU
		{D69E3724-32C5-E11E-E243-2DE4632B50C2}.Debug|Any CPU.Build.0 = Debug|Any CPU
		{D69E3724-32C5-E11E-E243-2DE4632B50C2}.Release|Any CPU.ActiveCfg = Release|Any CPU
		{D69E3724-32C5-E11E-E243-2DE4632B50C2}.Release|Any CPU.Build.0 = Release|Any CPU
		{E511D924-B129-4968-B30B-6824A597E9F8}.Debug|Any CPU.ActiveCfg = Debug|Any CPU
		{E511D924-B129-4968-B30B-6824A597E9F8}.Debug|Any CPU.Build.0 = Debug|Any CPU
		{E511D924-B129-4968-B30B-6824A597E9F8}.Release|Any CPU.ActiveCfg = Release|Any CPU
		{E511D924-B129-4968-B30B-6824A597E9F8}.Release|Any CPU.Build.0 = Release|Any CPU
		{325D75B0-F46A-DD60-D8CA-A90A54074D43}.Debug|Any CPU.ActiveCfg = Debug|Any CPU
		{325D75B0-F46A-DD60-D8CA-A90A54074D43}.Debug|Any CPU.Build.0 = Debug|Any CPU
		{325D75B0-F46A-DD60-D8CA-A90A54074D43}.Release|Any CPU.ActiveCfg = Release|Any CPU
		{325D75B0-F46A-DD60-D8CA-A90A54074D43}.Release|Any CPU.Build.0 = Release|Any CPU
		{960ACB97-A9F1-F01C-E346-ECF8591190CB}.Debug|Any CPU.ActiveCfg = Debug|Any CPU
		{960ACB97-A9F1-F01C-E346-ECF8591190CB}.Debug|Any CPU.Build.0 = Debug|Any CPU
		{960ACB97-A9F1-F01C-E346-ECF8591190CB}.Release|Any CPU.ActiveCfg = Release|Any CPU
		{960ACB97-A9F1-F01C-E346-ECF8591190CB}.Release|Any CPU.Build.0 = Release|Any CPU
		{83D4F83B-C54B-2A7C-0ABF-2DB083E483E2}.Debug|Any CPU.ActiveCfg = Debug|Any CPU
		{83D4F83B-C54B-2A7C-0ABF-2DB083E483E2}.Debug|Any CPU.Build.0 = Debug|Any CPU
		{83D4F83B-C54B-2A7C-0ABF-2DB083E483E2}.Release|Any CPU.ActiveCfg = Release|Any CPU
		{83D4F83B-C54B-2A7C-0ABF-2DB083E483E2}.Release|Any CPU.Build.0 = Release|Any CPU
		{806EFB5E-9024-66D4-6FE7-BE3D03EA358C}.Debug|Any CPU.ActiveCfg = Debug|Any CPU
		{806EFB5E-9024-66D4-6FE7-BE3D03EA358C}.Debug|Any CPU.Build.0 = Debug|Any CPU
		{806EFB5E-9024-66D4-6FE7-BE3D03EA358C}.Release|Any CPU.ActiveCfg = Release|Any CPU
		{806EFB5E-9024-66D4-6FE7-BE3D03EA358C}.Release|Any CPU.Build.0 = Release|Any CPU
		{C0C48C11-8CA7-146C-72C0-84B941E7B97D}.Debug|Any CPU.ActiveCfg = Debug|Any CPU
		{C0C48C11-8CA7-146C-72C0-84B941E7B97D}.Debug|Any CPU.Build.0 = Debug|Any CPU
		{C0C48C11-8CA7-146C-72C0-84B941E7B97D}.Release|Any CPU.ActiveCfg = Release|Any CPU
		{C0C48C11-8CA7-146C-72C0-84B941E7B97D}.Release|Any CPU.Build.0 = Release|Any CPU
		{2ECF836B-DC00-4AE1-1253-0BCBA0DC7545}.Debug|Any CPU.ActiveCfg = Debug|Any CPU
		{2ECF836B-DC00-4AE1-1253-0BCBA0DC7545}.Debug|Any CPU.Build.0 = Debug|Any CPU
		{2ECF836B-DC00-4AE1-1253-0BCBA0DC7545}.Release|Any CPU.ActiveCfg = Release|Any CPU
		{2ECF836B-DC00-4AE1-1253-0BCBA0DC7545}.Release|Any CPU.Build.0 = Release|Any CPU
		{6C9FA538-857E-CA91-4A4D-1F3EE8188FCC}.Debug|Any CPU.ActiveCfg = Debug|Any CPU
		{6C9FA538-857E-CA91-4A4D-1F3EE8188FCC}.Debug|Any CPU.Build.0 = Debug|Any CPU
		{6C9FA538-857E-CA91-4A4D-1F3EE8188FCC}.Release|Any CPU.ActiveCfg = Release|Any CPU
		{6C9FA538-857E-CA91-4A4D-1F3EE8188FCC}.Release|Any CPU.Build.0 = Release|Any CPU
		{44AB94EA-CB68-296A-D498-F018951682B1}.Debug|Any CPU.ActiveCfg = Debug|Any CPU
		{44AB94EA-CB68-296A-D498-F018951682B1}.Debug|Any CPU.Build.0 = Debug|Any CPU
		{44AB94EA-CB68-296A-D498-F018951682B1}.Release|Any CPU.ActiveCfg = Release|Any CPU
		{44AB94EA-CB68-296A-D498-F018951682B1}.Release|Any CPU.Build.0 = Release|Any CPU
		{A8EAE516-363A-03E8-58F0-F50B69C9112B}.Debug|Any CPU.ActiveCfg = Debug|Any CPU
		{A8EAE516-363A-03E8-58F0-F50B69C9112B}.Debug|Any CPU.Build.0 = Debug|Any CPU
		{A8EAE516-363A-03E8-58F0-F50B69C9112B}.Release|Any CPU.ActiveCfg = Release|Any CPU
		{A8EAE516-363A-03E8-58F0-F50B69C9112B}.Release|Any CPU.Build.0 = Release|Any CPU
		{E01B327E-2550-C13F-1337-405ADB39FD0D}.Debug|Any CPU.ActiveCfg = Debug|Any CPU
		{E01B327E-2550-C13F-1337-405ADB39FD0D}.Debug|Any CPU.Build.0 = Debug|Any CPU
		{E01B327E-2550-C13F-1337-405ADB39FD0D}.Release|Any CPU.ActiveCfg = Release|Any CPU
		{E01B327E-2550-C13F-1337-405ADB39FD0D}.Release|Any CPU.Build.0 = Release|Any CPU
		{1763BB06-84CB-F4E3-36F5-14CED086B782}.Debug|Any CPU.ActiveCfg = Debug|Any CPU
		{1763BB06-84CB-F4E3-36F5-14CED086B782}.Debug|Any CPU.Build.0 = Debug|Any CPU
		{1763BB06-84CB-F4E3-36F5-14CED086B782}.Release|Any CPU.ActiveCfg = Release|Any CPU
		{1763BB06-84CB-F4E3-36F5-14CED086B782}.Release|Any CPU.Build.0 = Release|Any CPU
		{CCA52224-23F9-31C2-86C1-C0400F7DBF7C}.Debug|Any CPU.ActiveCfg = Debug|Any CPU
		{CCA52224-23F9-31C2-86C1-C0400F7DBF7C}.Debug|Any CPU.Build.0 = Debug|Any CPU
		{CCA52224-23F9-31C2-86C1-C0400F7DBF7C}.Release|Any CPU.ActiveCfg = Release|Any CPU
		{CCA52224-23F9-31C2-86C1-C0400F7DBF7C}.Release|Any CPU.Build.0 = Release|Any CPU
		{149F9ABF-350E-3AA5-3F88-3376C6906EA3}.Debug|Any CPU.ActiveCfg = Debug|Any CPU
		{149F9ABF-350E-3AA5-3F88-3376C6906EA3}.Debug|Any CPU.Build.0 = Debug|Any CPU
		{149F9ABF-350E-3AA5-3F88-3376C6906EA3}.Release|Any CPU.ActiveCfg = Release|Any CPU
		{149F9ABF-350E-3AA5-3F88-3376C6906EA3}.Release|Any CPU.Build.0 = Release|Any CPU
		{76BCAA5A-E491-DF4E-1BEC-4441AAA162E2}.Debug|Any CPU.ActiveCfg = Debug|Any CPU
		{76BCAA5A-E491-DF4E-1BEC-4441AAA162E2}.Debug|Any CPU.Build.0 = Debug|Any CPU
		{76BCAA5A-E491-DF4E-1BEC-4441AAA162E2}.Release|Any CPU.ActiveCfg = Release|Any CPU
		{76BCAA5A-E491-DF4E-1BEC-4441AAA162E2}.Release|Any CPU.Build.0 = Release|Any CPU
		{58D527BD-623F-B938-8016-1ED0740F3921}.Debug|Any CPU.ActiveCfg = Debug|Any CPU
		{58D527BD-623F-B938-8016-1ED0740F3921}.Debug|Any CPU.Build.0 = Debug|Any CPU
		{58D527BD-623F-B938-8016-1ED0740F3921}.Release|Any CPU.ActiveCfg = Release|Any CPU
		{58D527BD-623F-B938-8016-1ED0740F3921}.Release|Any CPU.Build.0 = Release|Any CPU
		{EC8DF307-E09B-0369-C9F7-900906AA29C8}.Debug|Any CPU.ActiveCfg = Debug|Any CPU
		{EC8DF307-E09B-0369-C9F7-900906AA29C8}.Debug|Any CPU.Build.0 = Debug|Any CPU
		{EC8DF307-E09B-0369-C9F7-900906AA29C8}.Release|Any CPU.ActiveCfg = Release|Any CPU
		{EC8DF307-E09B-0369-C9F7-900906AA29C8}.Release|Any CPU.Build.0 = Release|Any CPU
		{5AB0B11D-881F-A864-0AF5-5133DEF6C975}.Debug|Any CPU.ActiveCfg = Debug|Any CPU
		{5AB0B11D-881F-A864-0AF5-5133DEF6C975}.Debug|Any CPU.Build.0 = Debug|Any CPU
		{5AB0B11D-881F-A864-0AF5-5133DEF6C975}.Release|Any CPU.ActiveCfg = Release|Any CPU
		{5AB0B11D-881F-A864-0AF5-5133DEF6C975}.Release|Any CPU.Build.0 = Release|Any CPU
		{10E408D3-E7C3-6F27-272A-60C3D108378A}.Debug|Any CPU.ActiveCfg = Debug|Any CPU
		{10E408D3-E7C3-6F27-272A-60C3D108378A}.Debug|Any CPU.Build.0 = Debug|Any CPU
		{10E408D3-E7C3-6F27-272A-60C3D108378A}.Release|Any CPU.ActiveCfg = Release|Any CPU
		{10E408D3-E7C3-6F27-272A-60C3D108378A}.Release|Any CPU.Build.0 = Release|Any CPU
		{2CA8A24C-D141-E8F5-2DCF-45DFE22BA103}.Debug|Any CPU.ActiveCfg = Debug|Any CPU
		{2CA8A24C-D141-E8F5-2DCF-45DFE22BA103}.Debug|Any CPU.Build.0 = Debug|Any CPU
		{2CA8A24C-D141-E8F5-2DCF-45DFE22BA103}.Release|Any CPU.ActiveCfg = Release|Any CPU
		{2CA8A24C-D141-E8F5-2DCF-45DFE22BA103}.Release|Any CPU.Build.0 = Release|Any CPU
		{EC6328E2-0EE7-1427-1049-7BBED6437A40}.Debug|Any CPU.ActiveCfg = Debug|Any CPU
		{EC6328E2-0EE7-1427-1049-7BBED6437A40}.Debug|Any CPU.Build.0 = Debug|Any CPU
		{EC6328E2-0EE7-1427-1049-7BBED6437A40}.Release|Any CPU.ActiveCfg = Release|Any CPU
		{EC6328E2-0EE7-1427-1049-7BBED6437A40}.Release|Any CPU.Build.0 = Release|Any CPU
		{03D38822-B3A7-35C0-9A1B-1CC213EE3255}.Debug|Any CPU.ActiveCfg = Debug|Any CPU
		{03D38822-B3A7-35C0-9A1B-1CC213EE3255}.Debug|Any CPU.Build.0 = Debug|Any CPU
		{03D38822-B3A7-35C0-9A1B-1CC213EE3255}.Release|Any CPU.ActiveCfg = Release|Any CPU
		{03D38822-B3A7-35C0-9A1B-1CC213EE3255}.Release|Any CPU.Build.0 = Release|Any CPU
		{7423D32F-865B-F4C3-4DC7-313A31A637DB}.Debug|Any CPU.ActiveCfg = Debug|Any CPU
		{7423D32F-865B-F4C3-4DC7-313A31A637DB}.Debug|Any CPU.Build.0 = Debug|Any CPU
		{7423D32F-865B-F4C3-4DC7-313A31A637DB}.Release|Any CPU.ActiveCfg = Release|Any CPU
		{7423D32F-865B-F4C3-4DC7-313A31A637DB}.Release|Any CPU.Build.0 = Release|Any CPU
		{5B080719-1DBD-6D66-9C5B-E3292EFABCB7}.Debug|Any CPU.ActiveCfg = Debug|Any CPU
		{5B080719-1DBD-6D66-9C5B-E3292EFABCB7}.Debug|Any CPU.Build.0 = Debug|Any CPU
		{5B080719-1DBD-6D66-9C5B-E3292EFABCB7}.Release|Any CPU.ActiveCfg = Release|Any CPU
		{5B080719-1DBD-6D66-9C5B-E3292EFABCB7}.Release|Any CPU.Build.0 = Release|Any CPU
		{8A6936A3-5DB1-A601-3D3D-3260DBC2F1F5}.Debug|Any CPU.ActiveCfg = Debug|Any CPU
		{8A6936A3-5DB1-A601-3D3D-3260DBC2F1F5}.Debug|Any CPU.Build.0 = Debug|Any CPU
		{8A6936A3-5DB1-A601-3D3D-3260DBC2F1F5}.Release|Any CPU.ActiveCfg = Release|Any CPU
		{8A6936A3-5DB1-A601-3D3D-3260DBC2F1F5}.Release|Any CPU.Build.0 = Release|Any CPU
		{344914F7-ADA2-E184-0FEE-15EAFF3B5B97}.Debug|Any CPU.ActiveCfg = Debug|Any CPU
		{344914F7-ADA2-E184-0FEE-15EAFF3B5B97}.Debug|Any CPU.Build.0 = Debug|Any CPU
		{344914F7-ADA2-E184-0FEE-15EAFF3B5B97}.Release|Any CPU.ActiveCfg = Release|Any CPU
		{344914F7-ADA2-E184-0FEE-15EAFF3B5B97}.Release|Any CPU.Build.0 = Release|Any CPU
	EndGlobalSection
	GlobalSection(SolutionProperties) = preSolution
		HideSolutionNode = FALSE
	EndGlobalSection
EndGlobal
